
Microsoft Visual Studio Solution File, Format Version 12.00
# Visual Studio Version 16
VisualStudioVersion = 16.0.31019.35
MinimumVisualStudioVersion = 10.0.40219.1
Project("{9A19103F-16F7-4668-BE54-9A1E7A4F7556}") = "ClassBoxData", "ClassBoxData\ClassBoxData.csproj", "{95727183-56E1-46C0-8AAB-CFDE7C29D03E}"
EndProject
Project("{9A19103F-16F7-4668-BE54-9A1E7A4F7556}") = "AnimalFarm", "AnimalFarm\AnimalFarm.csproj", "{26267078-0BB9-4D8D-9D22-44BDE9F215A0}"
EndProject
Project("{9A19103F-16F7-4668-BE54-9A1E7A4F7556}") = "ShoppingSpree", "ShoppingSpree\ShoppingSpree.csproj", "{4BFC5A69-6CD4-403A-9057-54B23C98062D}"
EndProject
Project("{FAE04EC0-301F-11D3-BF4B-00C04F79EFBC}") = "PizzaCalories", "PizzaCalories\PizzaCalories.csproj", "{AD7EC62C-5AB6-41EC-972B-864E94FA4B3E}"
EndProject
Global
	GlobalSection(SolutionConfigurationPlatforms) = preSolution
		Debug|Any CPU = Debug|Any CPU
		Release|Any CPU = Release|Any CPU
	EndGlobalSection
	GlobalSection(ProjectConfigurationPlatforms) = postSolution
		{95727183-56E1-46C0-8AAB-CFDE7C29D03E}.Debug|Any CPU.ActiveCfg = Debug|Any CPU
		{95727183-56E1-46C0-8AAB-CFDE7C29D03E}.Debug|Any CPU.Build.0 = Debug|Any CPU
		{95727183-56E1-46C0-8AAB-CFDE7C29D03E}.Release|Any CPU.ActiveCfg = Release|Any CPU
		{95727183-56E1-46C0-8AAB-CFDE7C29D03E}.Release|Any CPU.Build.0 = Release|Any CPU
		{26267078-0BB9-4D8D-9D22-44BDE9F215A0}.Debug|Any CPU.ActiveCfg = Debug|Any CPU
		{26267078-0BB9-4D8D-9D22-44BDE9F215A0}.Debug|Any CPU.Build.0 = Debug|Any CPU
		{26267078-0BB9-4D8D-9D22-44BDE9F215A0}.Release|Any CPU.ActiveCfg = Release|Any CPU
		{26267078-0BB9-4D8D-9D22-44BDE9F215A0}.Release|Any CPU.Build.0 = Release|Any CPU
		{4BFC5A69-6CD4-403A-9057-54B23C98062D}.Debug|Any CPU.ActiveCfg = Debug|Any CPU
		{4BFC5A69-6CD4-403A-9057-54B23C98062D}.Debug|Any CPU.Build.0 = Debug|Any CPU
		{4BFC5A69-6CD4-403A-9057-54B23C98062D}.Release|Any CPU.ActiveCfg = Release|Any CPU
		{4BFC5A69-6CD4-403A-9057-54B23C98062D}.Release|Any CPU.Build.0 = Release|Any CPU
		{AD7EC62C-5AB6-41EC-972B-864E94FA4B3E}.Debug|Any CPU.ActiveCfg = Debug|Any CPU
		{AD7EC62C-5AB6-41EC-972B-864E94FA4B3E}.Debug|Any CPU.Build.0 = Debug|Any CPU
		{AD7EC62C-5AB6-41EC-972B-864E94FA4B3E}.Release|Any CPU.ActiveCfg = Release|Any CPU
		{AD7EC62C-5AB6-41EC-972B-864E94FA4B3E}.Release|Any CPU.Build.0 = Release|Any CPU
	EndGlobalSection
	GlobalSection(SolutionProperties) = preSolution
		HideSolutionNode = FALSE
	EndGlobalSection
	GlobalSection(ExtensibilityGlobals) = postSolution
		SolutionGuid = {9C2B1BD8-2EA2-4197-9EBF-3C8E7E66B71B}
	EndGlobalSection
EndGlobal
