
Microsoft Visual Studio Solution File, Format Version 12.00
# Visual Studio Version 16
VisualStudioVersion = 16.0.30717.126
MinimumVisualStudioVersion = 10.0.40219.1
Project("{FAE04EC0-301F-11D3-BF4B-00C04F79EFBC}") = "ZipAndExtract", "ZipAndExtract\ZipAndExtract.csproj", "{82B49EB2-91A6-4D1B-8EDC-8010905E9F43}"
EndProject
Global
	GlobalSection(SolutionConfigurationPlatforms) = preSolution
		Debug|Any CPU = Debug|Any CPU
		Release|Any CPU = Release|Any CPU
	EndGlobalSection
	GlobalSection(ProjectConfigurationPlatforms) = postSolution
		{82B49EB2-91A6-4D1B-8EDC-8010905E9F43}.Debug|Any CPU.ActiveCfg = Debug|Any CPU
		{82B49EB2-91A6-4D1B-8EDC-8010905E9F43}.Debug|Any CPU.Build.0 = Debug|Any CPU
		{82B49EB2-91A6-4D1B-8EDC-8010905E9F43}.Release|Any CPU.ActiveCfg = Release|Any CPU
		{82B49EB2-91A6-4D1B-8EDC-8010905E9F43}.Release|Any CPU.Build.0 = Release|Any CPU
	EndGlobalSection
	GlobalSection(SolutionProperties) = preSolution
		HideSolutionNode = FALSE
	EndGlobalSection
	GlobalSection(ExtensibilityGlobals) = postSolution
		SolutionGuid = {12FB4319-132A-4C88-BAC1-C4F90210600A}
	EndGlobalSection
EndGlobal
