
Microsoft Visual Studio Solution File, Format Version 12.00
# Visual Studio Version 16
VisualStudioVersion = 16.0.30717.126
MinimumVisualStudioVersion = 10.0.40219.1
Project("{FAE04EC0-301F-11D3-BF4B-00C04F79EFBC}") = "Tuple", "Tuple\Tuple.csproj", "{3890FB7E-04E8-49FC-8C81-CD7AB0F8E12D}"
EndProject
Global
	GlobalSection(SolutionConfigurationPlatforms) = preSolution
		Debug|Any CPU = Debug|Any CPU
		Release|Any CPU = Release|Any CPU
	EndGlobalSection
	GlobalSection(ProjectConfigurationPlatforms) = postSolution
		{3890FB7E-04E8-49FC-8C81-CD7AB0F8E12D}.Debug|Any CPU.ActiveCfg = Debug|Any CPU
		{3890FB7E-04E8-49FC-8C81-CD7AB0F8E12D}.Debug|Any CPU.Build.0 = Debug|Any CPU
		{3890FB7E-04E8-49FC-8C81-CD7AB0F8E12D}.Release|Any CPU.ActiveCfg = Release|Any CPU
		{3890FB7E-04E8-49FC-8C81-CD7AB0F8E12D}.Release|Any CPU.Build.0 = Release|Any CPU
	EndGlobalSection
	GlobalSection(SolutionProperties) = preSolution
		HideSolutionNode = FALSE
	EndGlobalSection
	GlobalSection(ExtensibilityGlobals) = postSolution
		SolutionGuid = {67F28745-B092-44D1-8D08-06B0E280F4D4}
	EndGlobalSection
EndGlobal
