
Microsoft Visual Studio Solution File, Format Version 12.00
# Visual Studio Version 16
VisualStudioVersion = 16.0.31019.35
MinimumVisualStudioVersion = 10.0.40219.1
Project("{FAE04EC0-301F-11D3-BF4B-00C04F79EFBC}") = "MathOperations", "MathOperations\MathOperations.csproj", "{81525A96-F2AA-4F5A-8B80-171E92FBFA4F}"
EndProject
Project("{FAE04EC0-301F-11D3-BF4B-00C04F79EFBC}") = "Animals", "Animals\Animals.csproj", "{2108D9E8-2F69-45ED-B815-F517195D9B36}"
EndProject
Project("{FAE04EC0-301F-11D3-BF4B-00C04F79EFBC}") = "Shapes", "Shapes\Shapes.csproj", "{80E479B5-6523-4C4A-A423-9513F5807F5D}"
EndProject
Global
	GlobalSection(SolutionConfigurationPlatforms) = preSolution
		Debug|Any CPU = Debug|Any CPU
		Release|Any CPU = Release|Any CPU
	EndGlobalSection
	GlobalSection(ProjectConfigurationPlatforms) = postSolution
		{81525A96-F2AA-4F5A-8B80-171E92FBFA4F}.Debug|Any CPU.ActiveCfg = Debug|Any CPU
		{81525A96-F2AA-4F5A-8B80-171E92FBFA4F}.Debug|Any CPU.Build.0 = Debug|Any CPU
		{81525A96-F2AA-4F5A-8B80-171E92FBFA4F}.Release|Any CPU.ActiveCfg = Release|Any CPU
		{81525A96-F2AA-4F5A-8B80-171E92FBFA4F}.Release|Any CPU.Build.0 = Release|Any CPU
		{2108D9E8-2F69-45ED-B815-F517195D9B36}.Debug|Any CPU.ActiveCfg = Debug|Any CPU
		{2108D9E8-2F69-45ED-B815-F517195D9B36}.Debug|Any CPU.Build.0 = Debug|Any CPU
		{2108D9E8-2F69-45ED-B815-F517195D9B36}.Release|Any CPU.ActiveCfg = Release|Any CPU
		{2108D9E8-2F69-45ED-B815-F517195D9B36}.Release|Any CPU.Build.0 = Release|Any CPU
		{80E479B5-6523-4C4A-A423-9513F5807F5D}.Debug|Any CPU.ActiveCfg = Debug|Any CPU
		{80E479B5-6523-4C4A-A423-9513F5807F5D}.Debug|Any CPU.Build.0 = Debug|Any CPU
		{80E479B5-6523-4C4A-A423-9513F5807F5D}.Release|Any CPU.ActiveCfg = Release|Any CPU
		{80E479B5-6523-4C4A-A423-9513F5807F5D}.Release|Any CPU.Build.0 = Release|Any CPU
	EndGlobalSection
	GlobalSection(SolutionProperties) = preSolution
		HideSolutionNode = FALSE
	EndGlobalSection
	GlobalSection(ExtensibilityGlobals) = postSolution
		SolutionGuid = {7BCA865B-5938-4A93-964B-2E52EF1D7A43}
	EndGlobalSection
EndGlobal
