
Microsoft Visual Studio Solution File, Format Version 12.00
# Visual Studio Version 16
VisualStudioVersion = 16.0.30717.126
MinimumVisualStudioVersion = 10.0.40219.1
Project("{FAE04EC0-301F-11D3-BF4B-00C04F79EFBC}") = "Guild", "Guild\Guild.csproj", "{7C875551-6088-47F5-A8E4-FC540A8ABC1B}"
EndProject
Global
	GlobalSection(SolutionConfigurationPlatforms) = preSolution
		Debug|Any CPU = Debug|Any CPU
		Release|Any CPU = Release|Any CPU
	EndGlobalSection
	GlobalSection(ProjectConfigurationPlatforms) = postSolution
		{7C875551-6088-47F5-A8E4-FC540A8ABC1B}.Debug|Any CPU.ActiveCfg = Debug|Any CPU
		{7C875551-6088-47F5-A8E4-FC540A8ABC1B}.Debug|Any CPU.Build.0 = Debug|Any CPU
		{7C875551-6088-47F5-A8E4-FC540A8ABC1B}.Release|Any CPU.ActiveCfg = Release|Any CPU
		{7C875551-6088-47F5-A8E4-FC540A8ABC1B}.Release|Any CPU.Build.0 = Release|Any CPU
	EndGlobalSection
	GlobalSection(SolutionProperties) = preSolution
		HideSolutionNode = FALSE
	EndGlobalSection
	GlobalSection(ExtensibilityGlobals) = postSolution
		SolutionGuid = {920DFCFA-A0CB-4C8C-9230-908A11670878}
	EndGlobalSection
EndGlobal
