
Microsoft Visual Studio Solution File, Format Version 12.00
# Visual Studio Version 16
VisualStudioVersion = 16.0.30717.126
MinimumVisualStudioVersion = 10.0.40219.1
Project("{FAE04EC0-301F-11D3-BF4B-00C04F79EFBC}") = "FlowerWreaths", "FlowerWreaths\FlowerWreaths.csproj", "{2212BEFF-2B26-489C-8F4C-9A0910815CE1}"
EndProject
Global
	GlobalSection(SolutionConfigurationPlatforms) = preSolution
		Debug|Any CPU = Debug|Any CPU
		Release|Any CPU = Release|Any CPU
	EndGlobalSection
	GlobalSection(ProjectConfigurationPlatforms) = postSolution
		{2212BEFF-2B26-489C-8F4C-9A0910815CE1}.Debug|Any CPU.ActiveCfg = Debug|Any CPU
		{2212BEFF-2B26-489C-8F4C-9A0910815CE1}.Debug|Any CPU.Build.0 = Debug|Any CPU
		{2212BEFF-2B26-489C-8F4C-9A0910815CE1}.Release|Any CPU.ActiveCfg = Release|Any CPU
		{2212BEFF-2B26-489C-8F4C-9A0910815CE1}.Release|Any CPU.Build.0 = Release|Any CPU
	EndGlobalSection
	GlobalSection(SolutionProperties) = preSolution
		HideSolutionNode = FALSE
	EndGlobalSection
	GlobalSection(ExtensibilityGlobals) = postSolution
		SolutionGuid = {D447308B-35BD-44CB-A284-F1F2CB38F2C6}
	EndGlobalSection
EndGlobal
