
Microsoft Visual Studio Solution File, Format Version 12.00
# Visual Studio Version 16
VisualStudioVersion = 16.0.31112.23
MinimumVisualStudioVersion = 10.0.40219.1
Project("{9A19103F-16F7-4668-BE54-9A1E7A4F7556}") = "ReverseArray", "ReverseArray\ReverseArray.csproj", "{D9198462-1C8A-41C3-AF95-3D2180016B43}"
EndProject
Project("{9A19103F-16F7-4668-BE54-9A1E7A4F7556}") = "NestedLoopsToRecursion", "NestedLoopsToRecursion\NestedLoopsToRecursion.csproj", "{B86012AC-9D9E-49A0-9C54-30214B5124F2}"
EndProject
Project("{9A19103F-16F7-4668-BE54-9A1E7A4F7556}") = "CombinationsWithRepetition", "CombinationsWithRepetition\CombinationsWithRepetition.csproj", "{FF295364-3193-4226-A2FE-8CEDEC4577C9}"
EndProject
Project("{9A19103F-16F7-4668-BE54-9A1E7A4F7556}") = "CombinationsWithoutRepetition", "CombinationsWithoutRepetition\CombinationsWithoutRepetition.csproj", "{51C03DBF-127D-45FB-B885-A5B925D2E512}"
EndProject
Project("{9A19103F-16F7-4668-BE54-9A1E7A4F7556}") = "ConnectedAreasInMatrix", "ConnectedAreasInMatrix\ConnectedAreasInMatrix.csproj", "{0DAA5B06-87C1-4A73-85CA-7B73A441CB5E}"
EndProject
Project("{9A19103F-16F7-4668-BE54-9A1E7A4F7556}") = "Cinema", "Cinema\Cinema.csproj", "{6AAFB726-42FA-4215-BA34-016657AC8A4F}"
EndProject
Project("{9A19103F-16F7-4668-BE54-9A1E7A4F7556}") = "TowerOfHanoi", "TowerOfHanoi\TowerOfHanoi.csproj", "{1E4068D4-53F5-48CB-9D34-DB5B9189B3D2}"
EndProject
Project("{9A19103F-16F7-4668-BE54-9A1E7A4F7556}") = "SchooTeams", "SchooTeams\SchooTeams.csproj", "{72ECC164-C6B6-4D99-B9AE-467F8E339241}"
EndProject
Project("{FAE04EC0-301F-11D3-BF4B-00C04F79EFBC}") = "WordCruncher", "WordCruncher\WordCruncher.csproj", "{059ED3BF-8329-4025-A402-B52EE3E49FD1}"
EndProject
Global
	GlobalSection(SolutionConfigurationPlatforms) = preSolution
		Debug|Any CPU = Debug|Any CPU
		Release|Any CPU = Release|Any CPU
	EndGlobalSection
	GlobalSection(ProjectConfigurationPlatforms) = postSolution
		{D9198462-1C8A-41C3-AF95-3D2180016B43}.Debug|Any CPU.ActiveCfg = Debug|Any CPU
		{D9198462-1C8A-41C3-AF95-3D2180016B43}.Debug|Any CPU.Build.0 = Debug|Any CPU
		{D9198462-1C8A-41C3-AF95-3D2180016B43}.Release|Any CPU.ActiveCfg = Release|Any CPU
		{D9198462-1C8A-41C3-AF95-3D2180016B43}.Release|Any CPU.Build.0 = Release|Any CPU
		{B86012AC-9D9E-49A0-9C54-30214B5124F2}.Debug|Any CPU.ActiveCfg = Debug|Any CPU
		{B86012AC-9D9E-49A0-9C54-30214B5124F2}.Debug|Any CPU.Build.0 = Debug|Any CPU
		{B86012AC-9D9E-49A0-9C54-30214B5124F2}.Release|Any CPU.ActiveCfg = Release|Any CPU
		{B86012AC-9D9E-49A0-9C54-30214B5124F2}.Release|Any CPU.Build.0 = Release|Any CPU
		{FF295364-3193-4226-A2FE-8CEDEC4577C9}.Debug|Any CPU.ActiveCfg = Debug|Any CPU
		{FF295364-3193-4226-A2FE-8CEDEC4577C9}.Debug|Any CPU.Build.0 = Debug|Any CPU
		{FF295364-3193-4226-A2FE-8CEDEC4577C9}.Release|Any CPU.ActiveCfg = Release|Any CPU
		{FF295364-3193-4226-A2FE-8CEDEC4577C9}.Release|Any CPU.Build.0 = Release|Any CPU
		{51C03DBF-127D-45FB-B885-A5B925D2E512}.Debug|Any CPU.ActiveCfg = Debug|Any CPU
		{51C03DBF-127D-45FB-B885-A5B925D2E512}.Debug|Any CPU.Build.0 = Debug|Any CPU
		{51C03DBF-127D-45FB-B885-A5B925D2E512}.Release|Any CPU.ActiveCfg = Release|Any CPU
		{51C03DBF-127D-45FB-B885-A5B925D2E512}.Release|Any CPU.Build.0 = Release|Any CPU
		{0DAA5B06-87C1-4A73-85CA-7B73A441CB5E}.Debug|Any CPU.ActiveCfg = Debug|Any CPU
		{0DAA5B06-87C1-4A73-85CA-7B73A441CB5E}.Debug|Any CPU.Build.0 = Debug|Any CPU
		{0DAA5B06-87C1-4A73-85CA-7B73A441CB5E}.Release|Any CPU.ActiveCfg = Release|Any CPU
		{0DAA5B06-87C1-4A73-85CA-7B73A441CB5E}.Release|Any CPU.Build.0 = Release|Any CPU
		{6AAFB726-42FA-4215-BA34-016657AC8A4F}.Debug|Any CPU.ActiveCfg = Debug|Any CPU
		{6AAFB726-42FA-4215-BA34-016657AC8A4F}.Debug|Any CPU.Build.0 = Debug|Any CPU
		{6AAFB726-42FA-4215-BA34-016657AC8A4F}.Release|Any CPU.ActiveCfg = Release|Any CPU
		{6AAFB726-42FA-4215-BA34-016657AC8A4F}.Release|Any CPU.Build.0 = Release|Any CPU
		{1E4068D4-53F5-48CB-9D34-DB5B9189B3D2}.Debug|Any CPU.ActiveCfg = Debug|Any CPU
		{1E4068D4-53F5-48CB-9D34-DB5B9189B3D2}.Debug|Any CPU.Build.0 = Debug|Any CPU
		{1E4068D4-53F5-48CB-9D34-DB5B9189B3D2}.Release|Any CPU.ActiveCfg = Release|Any CPU
		{1E4068D4-53F5-48CB-9D34-DB5B9189B3D2}.Release|Any CPU.Build.0 = Release|Any CPU
		{72ECC164-C6B6-4D99-B9AE-467F8E339241}.Debug|Any CPU.ActiveCfg = Debug|Any CPU
		{72ECC164-C6B6-4D99-B9AE-467F8E339241}.Debug|Any CPU.Build.0 = Debug|Any CPU
		{72ECC164-C6B6-4D99-B9AE-467F8E339241}.Release|Any CPU.ActiveCfg = Release|Any CPU
		{72ECC164-C6B6-4D99-B9AE-467F8E339241}.Release|Any CPU.Build.0 = Release|Any CPU
		{059ED3BF-8329-4025-A402-B52EE3E49FD1}.Debug|Any CPU.ActiveCfg = Debug|Any CPU
		{059ED3BF-8329-4025-A402-B52EE3E49FD1}.Debug|Any CPU.Build.0 = Debug|Any CPU
		{059ED3BF-8329-4025-A402-B52EE3E49FD1}.Release|Any CPU.ActiveCfg = Release|Any CPU
		{059ED3BF-8329-4025-A402-B52EE3E49FD1}.Release|Any CPU.Build.0 = Release|Any CPU
	EndGlobalSection
	GlobalSection(SolutionProperties) = preSolution
		HideSolutionNode = FALSE
	EndGlobalSection
	GlobalSection(ExtensibilityGlobals) = postSolution
		SolutionGuid = {EE547A11-705B-4CE6-A4E2-88F579656F99}
	EndGlobalSection
EndGlobal
