
Microsoft Visual Studio Solution File, Format Version 12.00
# Visual Studio Version 16
VisualStudioVersion = 16.0.30717.126
MinimumVisualStudioVersion = 10.0.40219.1
Project("{FAE04EC0-301F-11D3-BF4B-00C04F79EFBC}") = "VLogger", "VLogger\VLogger.csproj", "{6E633C6F-0B19-4D57-B10A-71CF47688403}"
EndProject
Global
	GlobalSection(SolutionConfigurationPlatforms) = preSolution
		Debug|Any CPU = Debug|Any CPU
		Release|Any CPU = Release|Any CPU
	EndGlobalSection
	GlobalSection(ProjectConfigurationPlatforms) = postSolution
		{6E633C6F-0B19-4D57-B10A-71CF47688403}.Debug|Any CPU.ActiveCfg = Debug|Any CPU
		{6E633C6F-0B19-4D57-B10A-71CF47688403}.Debug|Any CPU.Build.0 = Debug|Any CPU
		{6E633C6F-0B19-4D57-B10A-71CF47688403}.Release|Any CPU.ActiveCfg = Release|Any CPU
		{6E633C6F-0B19-4D57-B10A-71CF47688403}.Release|Any CPU.Build.0 = Release|Any CPU
	EndGlobalSection
	GlobalSection(SolutionProperties) = preSolution
		HideSolutionNode = FALSE
	EndGlobalSection
	GlobalSection(ExtensibilityGlobals) = postSolution
		SolutionGuid = {1132DB19-4D52-4401-872F-4F8E1AAF67DE}
	EndGlobalSection
EndGlobal
