
Microsoft Visual Studio Solution File, Format Version 12.00
# Visual Studio Version 16
VisualStudioVersion = 16.0.30717.126
MinimumVisualStudioVersion = 10.0.40219.1
Project("{FAE04EC0-301F-11D3-BF4B-00C04F79EFBC}") = "GenericArrayCreator", "GenericArrayCreator\GenericArrayCreator.csproj", "{1768715A-08AA-432A-AB37-9305BBBE2313}"
EndProject
Global
	GlobalSection(SolutionConfigurationPlatforms) = preSolution
		Debug|Any CPU = Debug|Any CPU
		Release|Any CPU = Release|Any CPU
	EndGlobalSection
	GlobalSection(ProjectConfigurationPlatforms) = postSolution
		{1768715A-08AA-432A-AB37-9305BBBE2313}.Debug|Any CPU.ActiveCfg = Debug|Any CPU
		{1768715A-08AA-432A-AB37-9305BBBE2313}.Debug|Any CPU.Build.0 = Debug|Any CPU
		{1768715A-08AA-432A-AB37-9305BBBE2313}.Release|Any CPU.ActiveCfg = Release|Any CPU
		{1768715A-08AA-432A-AB37-9305BBBE2313}.Release|Any CPU.Build.0 = Release|Any CPU
	EndGlobalSection
	GlobalSection(SolutionProperties) = preSolution
		HideSolutionNode = FALSE
	EndGlobalSection
	GlobalSection(ExtensibilityGlobals) = postSolution
		SolutionGuid = {EFFD6206-7CCC-4F2C-A6A2-F7BC1A7418FB}
	EndGlobalSection
EndGlobal
