
Microsoft Visual Studio Solution File, Format Version 12.00
# Visual Studio Version 16
VisualStudioVersion = 16.0.30503.244
MinimumVisualStudioVersion = 10.0.40219.1
Project("{FAE04EC0-301F-11D3-BF4B-00C04F79EFBC}") = "TheaterPromotion", "TheaterPromotion\TheaterPromotion.csproj", "{4AE6D550-CB3C-48AB-A367-C20A8765B3F9}"
EndProject
Global
	GlobalSection(SolutionConfigurationPlatforms) = preSolution
		Debug|Any CPU = Debug|Any CPU
		Release|Any CPU = Release|Any CPU
	EndGlobalSection
	GlobalSection(ProjectConfigurationPlatforms) = postSolution
		{4AE6D550-CB3C-48AB-A367-C20A8765B3F9}.Debug|Any CPU.ActiveCfg = Debug|Any CPU
		{4AE6D550-CB3C-48AB-A367-C20A8765B3F9}.Debug|Any CPU.Build.0 = Debug|Any CPU
		{4AE6D550-CB3C-48AB-A367-C20A8765B3F9}.Release|Any CPU.ActiveCfg = Release|Any CPU
		{4AE6D550-CB3C-48AB-A367-C20A8765B3F9}.Release|Any CPU.Build.0 = Release|Any CPU
	EndGlobalSection
	GlobalSection(SolutionProperties) = preSolution
		HideSolutionNode = FALSE
	EndGlobalSection
	GlobalSection(ExtensibilityGlobals) = postSolution
		SolutionGuid = {7AB72CA3-4334-4DF3-AB1C-932163035ED9}
	EndGlobalSection
EndGlobal
