
Microsoft Visual Studio Solution File, Format Version 12.00
# Visual Studio Version 16
VisualStudioVersion = 16.0.30717.126
MinimumVisualStudioVersion = 10.0.40219.1
Project("{FAE04EC0-301F-11D3-BF4B-00C04F79EFBC}") = "Snake", "Snake\Snake.csproj", "{4EB7DCCE-1157-4078-A016-368BDE109AAE}"
EndProject
Global
	GlobalSection(SolutionConfigurationPlatforms) = preSolution
		Debug|Any CPU = Debug|Any CPU
		Release|Any CPU = Release|Any CPU
	EndGlobalSection
	GlobalSection(ProjectConfigurationPlatforms) = postSolution
		{4EB7DCCE-1157-4078-A016-368BDE109AAE}.Debug|Any CPU.ActiveCfg = Debug|Any CPU
		{4EB7DCCE-1157-4078-A016-368BDE109AAE}.Debug|Any CPU.Build.0 = Debug|Any CPU
		{4EB7DCCE-1157-4078-A016-368BDE109AAE}.Release|Any CPU.ActiveCfg = Release|Any CPU
		{4EB7DCCE-1157-4078-A016-368BDE109AAE}.Release|Any CPU.Build.0 = Release|Any CPU
	EndGlobalSection
	GlobalSection(SolutionProperties) = preSolution
		HideSolutionNode = FALSE
	EndGlobalSection
	GlobalSection(ExtensibilityGlobals) = postSolution
		SolutionGuid = {6173D571-1732-4C45-9D59-433F138EB209}
	EndGlobalSection
EndGlobal
