
Microsoft Visual Studio Solution File, Format Version 12.00
# Visual Studio Version 16
VisualStudioVersion = 16.0.31112.23
MinimumVisualStudioVersion = 10.0.40219.1
Project("{9A19103F-16F7-4668-BE54-9A1E7A4F7556}") = "BinarySearch", "BinarySearch\BinarySearch.csproj", "{1334A076-9EE3-479D-9E9B-4636D99DEDB0}"
EndProject
Project("{9A19103F-16F7-4668-BE54-9A1E7A4F7556}") = "SelectionSort", "SelectionSort\SelectionSort.csproj", "{D307B62C-ACA5-4286-98CB-30947C58EDC4}"
EndProject
Project("{9A19103F-16F7-4668-BE54-9A1E7A4F7556}") = "BubbleSort", "BubbleSort\BubbleSort.csproj", "{901FFB5B-F19D-4B68-8C1B-AC2AE8A46FC8}"
EndProject
Project("{9A19103F-16F7-4668-BE54-9A1E7A4F7556}") = "BubbleSort-differentVersion", "BubbleSort-differentVersion\BubbleSort-differentVersion.csproj", "{DD391162-8719-4098-B0BE-2FE420BC65D2}"
EndProject
Project("{9A19103F-16F7-4668-BE54-9A1E7A4F7556}") = "BinarySearchWIthRecursion", "BinarySearchWIthRecursion\BinarySearchWIthRecursion.csproj", "{DD4232F7-6086-4C40-992D-D8856764E165}"
EndProject
Project("{9A19103F-16F7-4668-BE54-9A1E7A4F7556}") = "InsertionSort", "InsertionSort\InsertionSort.csproj", "{935C79B7-A7DC-4E4D-BECC-0D6319374FA7}"
EndProject
Project("{9A19103F-16F7-4668-BE54-9A1E7A4F7556}") = "InsertionSort-modified", "InsertionSort-modified\InsertionSort-modified.csproj", "{4BE0E68A-0468-49AB-9160-13BF94F200C8}"
EndProject
Project("{FAE04EC0-301F-11D3-BF4B-00C04F79EFBC}") = "QuickSort", "QuickSort\QuickSort.csproj", "{DB41D758-6678-4FF4-A789-002D0D170E4D}"
EndProject
Project("{FAE04EC0-301F-11D3-BF4B-00C04F79EFBC}") = "QuickSort-differentVersion", "QuickSort-differentVersion\QuickSort-differentVersion.csproj", "{308C5C4D-5103-4862-8ADC-AE8D751E1E61}"
EndProject
Project("{FAE04EC0-301F-11D3-BF4B-00C04F79EFBC}") = "MergeSort", "MergeSort\MergeSort.csproj", "{7E1FB805-4629-47ED-9F69-8EF829FEAF61}"
EndProject
Global
	GlobalSection(SolutionConfigurationPlatforms) = preSolution
		Debug|Any CPU = Debug|Any CPU
		Release|Any CPU = Release|Any CPU
	EndGlobalSection
	GlobalSection(ProjectConfigurationPlatforms) = postSolution
		{1334A076-9EE3-479D-9E9B-4636D99DEDB0}.Debug|Any CPU.ActiveCfg = Debug|Any CPU
		{1334A076-9EE3-479D-9E9B-4636D99DEDB0}.Debug|Any CPU.Build.0 = Debug|Any CPU
		{1334A076-9EE3-479D-9E9B-4636D99DEDB0}.Release|Any CPU.ActiveCfg = Release|Any CPU
		{1334A076-9EE3-479D-9E9B-4636D99DEDB0}.Release|Any CPU.Build.0 = Release|Any CPU
		{D307B62C-ACA5-4286-98CB-30947C58EDC4}.Debug|Any CPU.ActiveCfg = Debug|Any CPU
		{D307B62C-ACA5-4286-98CB-30947C58EDC4}.Debug|Any CPU.Build.0 = Debug|Any CPU
		{D307B62C-ACA5-4286-98CB-30947C58EDC4}.Release|Any CPU.ActiveCfg = Release|Any CPU
		{D307B62C-ACA5-4286-98CB-30947C58EDC4}.Release|Any CPU.Build.0 = Release|Any CPU
		{901FFB5B-F19D-4B68-8C1B-AC2AE8A46FC8}.Debug|Any CPU.ActiveCfg = Debug|Any CPU
		{901FFB5B-F19D-4B68-8C1B-AC2AE8A46FC8}.Debug|Any CPU.Build.0 = Debug|Any CPU
		{901FFB5B-F19D-4B68-8C1B-AC2AE8A46FC8}.Release|Any CPU.ActiveCfg = Release|Any CPU
		{901FFB5B-F19D-4B68-8C1B-AC2AE8A46FC8}.Release|Any CPU.Build.0 = Release|Any CPU
		{DD391162-8719-4098-B0BE-2FE420BC65D2}.Debug|Any CPU.ActiveCfg = Debug|Any CPU
		{DD391162-8719-4098-B0BE-2FE420BC65D2}.Debug|Any CPU.Build.0 = Debug|Any CPU
		{DD391162-8719-4098-B0BE-2FE420BC65D2}.Release|Any CPU.ActiveCfg = Release|Any CPU
		{DD391162-8719-4098-B0BE-2FE420BC65D2}.Release|Any CPU.Build.0 = Release|Any CPU
		{DD4232F7-6086-4C40-992D-D8856764E165}.Debug|Any CPU.ActiveCfg = Debug|Any CPU
		{DD4232F7-6086-4C40-992D-D8856764E165}.Debug|Any CPU.Build.0 = Debug|Any CPU
		{DD4232F7-6086-4C40-992D-D8856764E165}.Release|Any CPU.ActiveCfg = Release|Any CPU
		{DD4232F7-6086-4C40-992D-D8856764E165}.Release|Any CPU.Build.0 = Release|Any CPU
		{935C79B7-A7DC-4E4D-BECC-0D6319374FA7}.Debug|Any CPU.ActiveCfg = Debug|Any CPU
		{935C79B7-A7DC-4E4D-BECC-0D6319374FA7}.Debug|Any CPU.Build.0 = Debug|Any CPU
		{935C79B7-A7DC-4E4D-BECC-0D6319374FA7}.Release|Any CPU.ActiveCfg = Release|Any CPU
		{935C79B7-A7DC-4E4D-BECC-0D6319374FA7}.Release|Any CPU.Build.0 = Release|Any CPU
		{4BE0E68A-0468-49AB-9160-13BF94F200C8}.Debug|Any CPU.ActiveCfg = Debug|Any CPU
		{4BE0E68A-0468-49AB-9160-13BF94F200C8}.Debug|Any CPU.Build.0 = Debug|Any CPU
		{4BE0E68A-0468-49AB-9160-13BF94F200C8}.Release|Any CPU.ActiveCfg = Release|Any CPU
		{4BE0E68A-0468-49AB-9160-13BF94F200C8}.Release|Any CPU.Build.0 = Release|Any CPU
		{DB41D758-6678-4FF4-A789-002D0D170E4D}.Debug|Any CPU.ActiveCfg = Debug|Any CPU
		{DB41D758-6678-4FF4-A789-002D0D170E4D}.Debug|Any CPU.Build.0 = Debug|Any CPU
		{DB41D758-6678-4FF4-A789-002D0D170E4D}.Release|Any CPU.ActiveCfg = Release|Any CPU
		{DB41D758-6678-4FF4-A789-002D0D170E4D}.Release|Any CPU.Build.0 = Release|Any CPU
		{308C5C4D-5103-4862-8ADC-AE8D751E1E61}.Debug|Any CPU.ActiveCfg = Debug|Any CPU
		{308C5C4D-5103-4862-8ADC-AE8D751E1E61}.Debug|Any CPU.Build.0 = Debug|Any CPU
		{308C5C4D-5103-4862-8ADC-AE8D751E1E61}.Release|Any CPU.ActiveCfg = Release|Any CPU
		{308C5C4D-5103-4862-8ADC-AE8D751E1E61}.Release|Any CPU.Build.0 = Release|Any CPU
		{7E1FB805-4629-47ED-9F69-8EF829FEAF61}.Debug|Any CPU.ActiveCfg = Debug|Any CPU
		{7E1FB805-4629-47ED-9F69-8EF829FEAF61}.Debug|Any CPU.Build.0 = Debug|Any CPU
		{7E1FB805-4629-47ED-9F69-8EF829FEAF61}.Release|Any CPU.ActiveCfg = Release|Any CPU
		{7E1FB805-4629-47ED-9F69-8EF829FEAF61}.Release|Any CPU.Build.0 = Release|Any CPU
	EndGlobalSection
	GlobalSection(SolutionProperties) = preSolution
		HideSolutionNode = FALSE
	EndGlobalSection
	GlobalSection(ExtensibilityGlobals) = postSolution
		SolutionGuid = {932D99E6-B891-454F-9AF6-44D120BBE9B0}
	EndGlobalSection
EndGlobal
