
Microsoft Visual Studio Solution File, Format Version 12.00
# Visual Studio Version 16
VisualStudioVersion = 16.0.30717.126
MinimumVisualStudioVersion = 10.0.40219.1
Project("{FAE04EC0-301F-11D3-BF4B-00C04F79EFBC}") = "LineNumbersLab", "LineNumbersLab\LineNumbersLab.csproj", "{81B68EA4-5344-4D9D-8223-D77F1A93E694}"
EndProject
Global
	GlobalSection(SolutionConfigurationPlatforms) = preSolution
		Debug|Any CPU = Debug|Any CPU
		Release|Any CPU = Release|Any CPU
	EndGlobalSection
	GlobalSection(ProjectConfigurationPlatforms) = postSolution
		{81B68EA4-5344-4D9D-8223-D77F1A93E694}.Debug|Any CPU.ActiveCfg = Debug|Any CPU
		{81B68EA4-5344-4D9D-8223-D77F1A93E694}.Debug|Any CPU.Build.0 = Debug|Any CPU
		{81B68EA4-5344-4D9D-8223-D77F1A93E694}.Release|Any CPU.ActiveCfg = Release|Any CPU
		{81B68EA4-5344-4D9D-8223-D77F1A93E694}.Release|Any CPU.Build.0 = Release|Any CPU
	EndGlobalSection
	GlobalSection(SolutionProperties) = preSolution
		HideSolutionNode = FALSE
	EndGlobalSection
	GlobalSection(ExtensibilityGlobals) = postSolution
		SolutionGuid = {AC793AEF-9D71-43CB-8358-5EB60585F6D5}
	EndGlobalSection
EndGlobal
