<<<<<<< HEAD
﻿
Microsoft Visual Studio Solution File, Format Version 12.00
# Visual Studio Version 16
VisualStudioVersion = 16.0.30717.126
MinimumVisualStudioVersion = 10.0.40219.1
Project("{FAE04EC0-301F-11D3-BF4B-00C04F79EFBC}") = "CarConstructors", "CarConstructors\CarConstructors.csproj", "{FAEF1429-4674-4733-A256-B5AE2DF96D69}"
EndProject
Global
	GlobalSection(SolutionConfigurationPlatforms) = preSolution
		Debug|Any CPU = Debug|Any CPU
		Release|Any CPU = Release|Any CPU
	EndGlobalSection
	GlobalSection(ProjectConfigurationPlatforms) = postSolution
		{FAEF1429-4674-4733-A256-B5AE2DF96D69}.Debug|Any CPU.ActiveCfg = Debug|Any CPU
		{FAEF1429-4674-4733-A256-B5AE2DF96D69}.Debug|Any CPU.Build.0 = Debug|Any CPU
		{FAEF1429-4674-4733-A256-B5AE2DF96D69}.Release|Any CPU.ActiveCfg = Release|Any CPU
		{FAEF1429-4674-4733-A256-B5AE2DF96D69}.Release|Any CPU.Build.0 = Release|Any CPU
	EndGlobalSection
	GlobalSection(SolutionProperties) = preSolution
		HideSolutionNode = FALSE
	EndGlobalSection
	GlobalSection(ExtensibilityGlobals) = postSolution
		SolutionGuid = {F419CA44-1934-4956-AC2A-84BC7A9065A0}
	EndGlobalSection
EndGlobal
=======
﻿
Microsoft Visual Studio Solution File, Format Version 12.00
# Visual Studio Version 16
VisualStudioVersion = 16.0.30717.126
MinimumVisualStudioVersion = 10.0.40219.1
Project("{FAE04EC0-301F-11D3-BF4B-00C04F79EFBC}") = "CarConstructors", "CarConstructors\CarConstructors.csproj", "{FAEF1429-4674-4733-A256-B5AE2DF96D69}"
EndProject
Global
	GlobalSection(SolutionConfigurationPlatforms) = preSolution
		Debug|Any CPU = Debug|Any CPU
		Release|Any CPU = Release|Any CPU
	EndGlobalSection
	GlobalSection(ProjectConfigurationPlatforms) = postSolution
		{FAEF1429-4674-4733-A256-B5AE2DF96D69}.Debug|Any CPU.ActiveCfg = Debug|Any CPU
		{FAEF1429-4674-4733-A256-B5AE2DF96D69}.Debug|Any CPU.Build.0 = Debug|Any CPU
		{FAEF1429-4674-4733-A256-B5AE2DF96D69}.Release|Any CPU.ActiveCfg = Release|Any CPU
		{FAEF1429-4674-4733-A256-B5AE2DF96D69}.Release|Any CPU.Build.0 = Release|Any CPU
	EndGlobalSection
	GlobalSection(SolutionProperties) = preSolution
		HideSolutionNode = FALSE
	EndGlobalSection
	GlobalSection(ExtensibilityGlobals) = postSolution
		SolutionGuid = {F419CA44-1934-4956-AC2A-84BC7A9065A0}
	EndGlobalSection
EndGlobal
>>>>>>> refs/remotes/origin/master
