<<<<<<< HEAD
﻿
Microsoft Visual Studio Solution File, Format Version 12.00
# Visual Studio Version 16
VisualStudioVersion = 16.0.30717.126
MinimumVisualStudioVersion = 10.0.40219.1
Project("{FAE04EC0-301F-11D3-BF4B-00C04F79EFBC}") = "SpecialCars", "SpecialCars\SpecialCars.csproj", "{820568B3-D130-4E7B-A482-1A7DC8DE4706}"
EndProject
Global
	GlobalSection(SolutionConfigurationPlatforms) = preSolution
		Debug|Any CPU = Debug|Any CPU
		Release|Any CPU = Release|Any CPU
	EndGlobalSection
	GlobalSection(ProjectConfigurationPlatforms) = postSolution
		{820568B3-D130-4E7B-A482-1A7DC8DE4706}.Debug|Any CPU.ActiveCfg = Debug|Any CPU
		{820568B3-D130-4E7B-A482-1A7DC8DE4706}.Debug|Any CPU.Build.0 = Debug|Any CPU
		{820568B3-D130-4E7B-A482-1A7DC8DE4706}.Release|Any CPU.ActiveCfg = Release|Any CPU
		{820568B3-D130-4E7B-A482-1A7DC8DE4706}.Release|Any CPU.Build.0 = Release|Any CPU
	EndGlobalSection
	GlobalSection(SolutionProperties) = preSolution
		HideSolutionNode = FALSE
	EndGlobalSection
	GlobalSection(ExtensibilityGlobals) = postSolution
		SolutionGuid = {4372E65C-7E47-4971-AC24-9923E7B093A5}
	EndGlobalSection
EndGlobal
=======
﻿
Microsoft Visual Studio Solution File, Format Version 12.00
# Visual Studio Version 16
VisualStudioVersion = 16.0.30717.126
MinimumVisualStudioVersion = 10.0.40219.1
Project("{FAE04EC0-301F-11D3-BF4B-00C04F79EFBC}") = "SpecialCars", "SpecialCars\SpecialCars.csproj", "{820568B3-D130-4E7B-A482-1A7DC8DE4706}"
EndProject
Global
	GlobalSection(SolutionConfigurationPlatforms) = preSolution
		Debug|Any CPU = Debug|Any CPU
		Release|Any CPU = Release|Any CPU
	EndGlobalSection
	GlobalSection(ProjectConfigurationPlatforms) = postSolution
		{820568B3-D130-4E7B-A482-1A7DC8DE4706}.Debug|Any CPU.ActiveCfg = Debug|Any CPU
		{820568B3-D130-4E7B-A482-1A7DC8DE4706}.Debug|Any CPU.Build.0 = Debug|Any CPU
		{820568B3-D130-4E7B-A482-1A7DC8DE4706}.Release|Any CPU.ActiveCfg = Release|Any CPU
		{820568B3-D130-4E7B-A482-1A7DC8DE4706}.Release|Any CPU.Build.0 = Release|Any CPU
	EndGlobalSection
	GlobalSection(SolutionProperties) = preSolution
		HideSolutionNode = FALSE
	EndGlobalSection
	GlobalSection(ExtensibilityGlobals) = postSolution
		SolutionGuid = {4372E65C-7E47-4971-AC24-9923E7B093A5}
	EndGlobalSection
EndGlobal
>>>>>>> refs/remotes/origin/master
