
Microsoft Visual Studio Solution File, Format Version 12.00
# Visual Studio Version 16
VisualStudioVersion = 16.0.30503.244
MinimumVisualStudioVersion = 10.0.40219.1
Project("{9A19103F-16F7-4668-BE54-9A1E7A4F7556}") = "Methods", "Methods\Methods.csproj", "{A3C83534-59F1-4243-953B-D23A6ACD8190}"
EndProject
Project("{9A19103F-16F7-4668-BE54-9A1E7A4F7556}") = "SignOfIntegerNumbers", "SignOfIntegerNumbers\SignOfIntegerNumbers.csproj", "{DF6B98E4-78A4-4E7A-B6D7-4AEF13C13BD5}"
EndProject
Project("{9A19103F-16F7-4668-BE54-9A1E7A4F7556}") = "Grades", "Grades\Grades.csproj", "{B02E6F02-4E91-4CC6-B872-33D42817944F}"
EndProject
Project("{9A19103F-16F7-4668-BE54-9A1E7A4F7556}") = "Solutions", "Solutions\Solutions.csproj", "{79D868EE-7F30-46AE-BB04-DBE30633EDD1}"
EndProject
Project("{9A19103F-16F7-4668-BE54-9A1E7A4F7556}") = "PrintingTriangle", "PrintingTriangle\PrintingTriangle.csproj", "{3B1F4A80-7110-4C91-9834-EE254660BC5B}"
EndProject
Project("{9A19103F-16F7-4668-BE54-9A1E7A4F7556}") = "Orders", "Orders\Orders.csproj", "{35932029-6980-405B-989B-737B5B940399}"
EndProject
Project("{9A19103F-16F7-4668-BE54-9A1E7A4F7556}") = "CalculateRectangleArrea", "CalculateRectangleArrea\CalculateRectangleArrea.csproj", "{8950C15E-B0C9-4D09-A24C-73D783A3502E}"
EndProject
Project("{9A19103F-16F7-4668-BE54-9A1E7A4F7556}") = "RepeatString", "RepeatString\RepeatString.csproj", "{9B424D75-B289-47E0-B108-0015B787B9AB}"
EndProject
Project("{9A19103F-16F7-4668-BE54-9A1E7A4F7556}") = "MathPower", "MathPower\MathPower.csproj", "{3D9077E0-0D12-4039-8D48-B7F0B02088EF}"
EndProject
Project("{9A19103F-16F7-4668-BE54-9A1E7A4F7556}") = "GreaterOfTwoValues", "GreaterOfTwoValues\GreaterOfTwoValues.csproj", "{7FFB591F-C52E-49DF-AD38-F99FC85FB9B0}"
EndProject
Project("{9A19103F-16F7-4668-BE54-9A1E7A4F7556}") = "MultiplyEvenByOdds", "MultiplyEvenByOdds\MultiplyEvenByOdds.csproj", "{5E945371-ACD0-4B5E-A967-BF4BB4F37625}"
EndProject
Project("{9A19103F-16F7-4668-BE54-9A1E7A4F7556}") = "MathOperations", "MathOperations\MathOperations.csproj", "{03C296AD-04E5-44E4-8B16-10F66F44E8CB}"
EndProject
Project("{9A19103F-16F7-4668-BE54-9A1E7A4F7556}") = "SmallestOfThreeNumbers", "SmallestOfThreeNumbers\SmallestOfThreeNumbers.csproj", "{87C1EC23-EA8D-4343-ADF6-CBBC76D0D8B0}"
EndProject
Project("{9A19103F-16F7-4668-BE54-9A1E7A4F7556}") = "VowelsCount", "VowelsCount\VowelsCount.csproj", "{EA9AA187-66EA-42D2-969A-41D8577E1803}"
EndProject
Project("{9A19103F-16F7-4668-BE54-9A1E7A4F7556}") = "CharactersInRange", "CharactersInRange\CharactersInRange.csproj", "{E31A50D3-BA02-470E-A26D-2B6D200CC79B}"
EndProject
Project("{9A19103F-16F7-4668-BE54-9A1E7A4F7556}") = "AddAndSubstract", "AddAndSubstract\AddAndSubstract.csproj", "{359395E6-6D8E-4B80-89E2-79BC9FB1374D}"
EndProject
Project("{9A19103F-16F7-4668-BE54-9A1E7A4F7556}") = "MiddleCharacters", "MiddleCharacters\MiddleCharacters.csproj", "{E242DA4E-DFCD-4FF5-8A8E-AAB7ECCF17AC}"
EndProject
Project("{9A19103F-16F7-4668-BE54-9A1E7A4F7556}") = "NxNMatrix", "NxNMatrix\NxNMatrix.csproj", "{1FBE852B-1119-4D8D-8386-FBB87277FF5E}"
EndProject
Project("{9A19103F-16F7-4668-BE54-9A1E7A4F7556}") = "FactorialDivision", "FactorialDivision\FactorialDivision.csproj", "{27526BC2-0C73-492C-8F1A-75A9B1626CFF}"
EndProject
Project("{9A19103F-16F7-4668-BE54-9A1E7A4F7556}") = "PalindromeIntegers", "PalindromeIntegers\PalindromeIntegers.csproj", "{EB106E8B-2F4B-4339-8C6F-4401B4453DC5}"
EndProject
Project("{9A19103F-16F7-4668-BE54-9A1E7A4F7556}") = "TopNumbers", "TopNumbers\TopNumbers.csproj", "{AD38F4BE-A910-424B-A212-8E99CE4B673F}"
EndProject
Project("{9A19103F-16F7-4668-BE54-9A1E7A4F7556}") = "DataTypes", "DataTypes\DataTypes.csproj", "{C184AFF0-46A6-41A6-864A-84F28E3D977D}"
EndProject
Project("{9A19103F-16F7-4668-BE54-9A1E7A4F7556}") = "CenterPoint", "CenterPoint\CenterPoint.csproj", "{03E06008-89E5-42FA-880F-4D2C73E3A4D2}"
EndProject
Project("{9A19103F-16F7-4668-BE54-9A1E7A4F7556}") = "LongerLine", "LongerLine\LongerLine.csproj", "{D7A88278-125C-48A1-A6D6-EAAC2FF50919}"
EndProject
Project("{9A19103F-16F7-4668-BE54-9A1E7A4F7556}") = "PasswordValidator1", "PasswordValidator1\PasswordValidator1.csproj", "{AEF7BA1E-C182-41CD-BA55-EE413D7F89E7}"
EndProject
Project("{9A19103F-16F7-4668-BE54-9A1E7A4F7556}") = "ArrayManipulator", "ArrayManipulator\ArrayManipulator.csproj", "{541AE994-43DD-4110-A8D1-27DB83DD66E1}"
EndProject
Project("{9A19103F-16F7-4668-BE54-9A1E7A4F7556}") = "Temp", "Temp\Temp.csproj", "{2F993DA6-4999-4E71-B800-AC13F3AAF9EC}"
EndProject
Project("{9A19103F-16F7-4668-BE54-9A1E7A4F7556}") = "Empty", "Empty\Empty.csproj", "{4B9B85B5-ACBC-4BC4-B397-534A65B53D26}"
EndProject
Project("{FAE04EC0-301F-11D3-BF4B-00C04F79EFBC}") = "Tribonacci_sequence", "Tribonacci_sequence\Tribonacci_sequence.csproj", "{388F9D88-1E2B-4D75-8447-638E615C5EF4}"
EndProject
Project("{FAE04EC0-301F-11D3-BF4B-00C04F79EFBC}") = "MultiplicationSign", "MultiplicationSign\MultiplicationSign.csproj", "{6C052945-8132-45D5-B835-6FEDA8E5ED0D}"
EndProject
Global
	GlobalSection(SolutionConfigurationPlatforms) = preSolution
		Debug|Any CPU = Debug|Any CPU
		Release|Any CPU = Release|Any CPU
	EndGlobalSection
	GlobalSection(ProjectConfigurationPlatforms) = postSolution
		{A3C83534-59F1-4243-953B-D23A6ACD8190}.Debug|Any CPU.ActiveCfg = Debug|Any CPU
		{A3C83534-59F1-4243-953B-D23A6ACD8190}.Debug|Any CPU.Build.0 = Debug|Any CPU
		{A3C83534-59F1-4243-953B-D23A6ACD8190}.Release|Any CPU.ActiveCfg = Release|Any CPU
		{A3C83534-59F1-4243-953B-D23A6ACD8190}.Release|Any CPU.Build.0 = Release|Any CPU
		{DF6B98E4-78A4-4E7A-B6D7-4AEF13C13BD5}.Debug|Any CPU.ActiveCfg = Debug|Any CPU
		{DF6B98E4-78A4-4E7A-B6D7-4AEF13C13BD5}.Debug|Any CPU.Build.0 = Debug|Any CPU
		{DF6B98E4-78A4-4E7A-B6D7-4AEF13C13BD5}.Release|Any CPU.ActiveCfg = Release|Any CPU
		{DF6B98E4-78A4-4E7A-B6D7-4AEF13C13BD5}.Release|Any CPU.Build.0 = Release|Any CPU
		{B02E6F02-4E91-4CC6-B872-33D42817944F}.Debug|Any CPU.ActiveCfg = Debug|Any CPU
		{B02E6F02-4E91-4CC6-B872-33D42817944F}.Debug|Any CPU.Build.0 = Debug|Any CPU
		{B02E6F02-4E91-4CC6-B872-33D42817944F}.Release|Any CPU.ActiveCfg = Release|Any CPU
		{B02E6F02-4E91-4CC6-B872-33D42817944F}.Release|Any CPU.Build.0 = Release|Any CPU
		{79D868EE-7F30-46AE-BB04-DBE30633EDD1}.Debug|Any CPU.ActiveCfg = Debug|Any CPU
		{79D868EE-7F30-46AE-BB04-DBE30633EDD1}.Debug|Any CPU.Build.0 = Debug|Any CPU
		{79D868EE-7F30-46AE-BB04-DBE30633EDD1}.Release|Any CPU.ActiveCfg = Release|Any CPU
		{79D868EE-7F30-46AE-BB04-DBE30633EDD1}.Release|Any CPU.Build.0 = Release|Any CPU
		{3B1F4A80-7110-4C91-9834-EE254660BC5B}.Debug|Any CPU.ActiveCfg = Debug|Any CPU
		{3B1F4A80-7110-4C91-9834-EE254660BC5B}.Debug|Any CPU.Build.0 = Debug|Any CPU
		{3B1F4A80-7110-4C91-9834-EE254660BC5B}.Release|Any CPU.ActiveCfg = Release|Any CPU
		{3B1F4A80-7110-4C91-9834-EE254660BC5B}.Release|Any CPU.Build.0 = Release|Any CPU
		{35932029-6980-405B-989B-737B5B940399}.Debug|Any CPU.ActiveCfg = Debug|Any CPU
		{35932029-6980-405B-989B-737B5B940399}.Debug|Any CPU.Build.0 = Debug|Any CPU
		{35932029-6980-405B-989B-737B5B940399}.Release|Any CPU.ActiveCfg = Release|Any CPU
		{35932029-6980-405B-989B-737B5B940399}.Release|Any CPU.Build.0 = Release|Any CPU
		{8950C15E-B0C9-4D09-A24C-73D783A3502E}.Debug|Any CPU.ActiveCfg = Debug|Any CPU
		{8950C15E-B0C9-4D09-A24C-73D783A3502E}.Debug|Any CPU.Build.0 = Debug|Any CPU
		{8950C15E-B0C9-4D09-A24C-73D783A3502E}.Release|Any CPU.ActiveCfg = Release|Any CPU
		{8950C15E-B0C9-4D09-A24C-73D783A3502E}.Release|Any CPU.Build.0 = Release|Any CPU
		{9B424D75-B289-47E0-B108-0015B787B9AB}.Debug|Any CPU.ActiveCfg = Debug|Any CPU
		{9B424D75-B289-47E0-B108-0015B787B9AB}.Debug|Any CPU.Build.0 = Debug|Any CPU
		{9B424D75-B289-47E0-B108-0015B787B9AB}.Release|Any CPU.ActiveCfg = Release|Any CPU
		{9B424D75-B289-47E0-B108-0015B787B9AB}.Release|Any CPU.Build.0 = Release|Any CPU
		{3D9077E0-0D12-4039-8D48-B7F0B02088EF}.Debug|Any CPU.ActiveCfg = Debug|Any CPU
		{3D9077E0-0D12-4039-8D48-B7F0B02088EF}.Debug|Any CPU.Build.0 = Debug|Any CPU
		{3D9077E0-0D12-4039-8D48-B7F0B02088EF}.Release|Any CPU.ActiveCfg = Release|Any CPU
		{3D9077E0-0D12-4039-8D48-B7F0B02088EF}.Release|Any CPU.Build.0 = Release|Any CPU
		{7FFB591F-C52E-49DF-AD38-F99FC85FB9B0}.Debug|Any CPU.ActiveCfg = Debug|Any CPU
		{7FFB591F-C52E-49DF-AD38-F99FC85FB9B0}.Debug|Any CPU.Build.0 = Debug|Any CPU
		{7FFB591F-C52E-49DF-AD38-F99FC85FB9B0}.Release|Any CPU.ActiveCfg = Release|Any CPU
		{7FFB591F-C52E-49DF-AD38-F99FC85FB9B0}.Release|Any CPU.Build.0 = Release|Any CPU
		{5E945371-ACD0-4B5E-A967-BF4BB4F37625}.Debug|Any CPU.ActiveCfg = Debug|Any CPU
		{5E945371-ACD0-4B5E-A967-BF4BB4F37625}.Debug|Any CPU.Build.0 = Debug|Any CPU
		{5E945371-ACD0-4B5E-A967-BF4BB4F37625}.Release|Any CPU.ActiveCfg = Release|Any CPU
		{5E945371-ACD0-4B5E-A967-BF4BB4F37625}.Release|Any CPU.Build.0 = Release|Any CPU
		{03C296AD-04E5-44E4-8B16-10F66F44E8CB}.Debug|Any CPU.ActiveCfg = Debug|Any CPU
		{03C296AD-04E5-44E4-8B16-10F66F44E8CB}.Debug|Any CPU.Build.0 = Debug|Any CPU
		{03C296AD-04E5-44E4-8B16-10F66F44E8CB}.Release|Any CPU.ActiveCfg = Release|Any CPU
		{03C296AD-04E5-44E4-8B16-10F66F44E8CB}.Release|Any CPU.Build.0 = Release|Any CPU
		{87C1EC23-EA8D-4343-ADF6-CBBC76D0D8B0}.Debug|Any CPU.ActiveCfg = Debug|Any CPU
		{87C1EC23-EA8D-4343-ADF6-CBBC76D0D8B0}.Debug|Any CPU.Build.0 = Debug|Any CPU
		{87C1EC23-EA8D-4343-ADF6-CBBC76D0D8B0}.Release|Any CPU.ActiveCfg = Release|Any CPU
		{87C1EC23-EA8D-4343-ADF6-CBBC76D0D8B0}.Release|Any CPU.Build.0 = Release|Any CPU
		{EA9AA187-66EA-42D2-969A-41D8577E1803}.Debug|Any CPU.ActiveCfg = Debug|Any CPU
		{EA9AA187-66EA-42D2-969A-41D8577E1803}.Debug|Any CPU.Build.0 = Debug|Any CPU
		{EA9AA187-66EA-42D2-969A-41D8577E1803}.Release|Any CPU.ActiveCfg = Release|Any CPU
		{EA9AA187-66EA-42D2-969A-41D8577E1803}.Release|Any CPU.Build.0 = Release|Any CPU
		{E31A50D3-BA02-470E-A26D-2B6D200CC79B}.Debug|Any CPU.ActiveCfg = Debug|Any CPU
		{E31A50D3-BA02-470E-A26D-2B6D200CC79B}.Debug|Any CPU.Build.0 = Debug|Any CPU
		{E31A50D3-BA02-470E-A26D-2B6D200CC79B}.Release|Any CPU.ActiveCfg = Release|Any CPU
		{E31A50D3-BA02-470E-A26D-2B6D200CC79B}.Release|Any CPU.Build.0 = Release|Any CPU
		{359395E6-6D8E-4B80-89E2-79BC9FB1374D}.Debug|Any CPU.ActiveCfg = Debug|Any CPU
		{359395E6-6D8E-4B80-89E2-79BC9FB1374D}.Debug|Any CPU.Build.0 = Debug|Any CPU
		{359395E6-6D8E-4B80-89E2-79BC9FB1374D}.Release|Any CPU.ActiveCfg = Release|Any CPU
		{359395E6-6D8E-4B80-89E2-79BC9FB1374D}.Release|Any CPU.Build.0 = Release|Any CPU
		{E242DA4E-DFCD-4FF5-8A8E-AAB7ECCF17AC}.Debug|Any CPU.ActiveCfg = Debug|Any CPU
		{E242DA4E-DFCD-4FF5-8A8E-AAB7ECCF17AC}.Debug|Any CPU.Build.0 = Debug|Any CPU
		{E242DA4E-DFCD-4FF5-8A8E-AAB7ECCF17AC}.Release|Any CPU.ActiveCfg = Release|Any CPU
		{E242DA4E-DFCD-4FF5-8A8E-AAB7ECCF17AC}.Release|Any CPU.Build.0 = Release|Any CPU
		{1FBE852B-1119-4D8D-8386-FBB87277FF5E}.Debug|Any CPU.ActiveCfg = Debug|Any CPU
		{1FBE852B-1119-4D8D-8386-FBB87277FF5E}.Debug|Any CPU.Build.0 = Debug|Any CPU
		{1FBE852B-1119-4D8D-8386-FBB87277FF5E}.Release|Any CPU.ActiveCfg = Release|Any CPU
		{1FBE852B-1119-4D8D-8386-FBB87277FF5E}.Release|Any CPU.Build.0 = Release|Any CPU
		{27526BC2-0C73-492C-8F1A-75A9B1626CFF}.Debug|Any CPU.ActiveCfg = Debug|Any CPU
		{27526BC2-0C73-492C-8F1A-75A9B1626CFF}.Debug|Any CPU.Build.0 = Debug|Any CPU
		{27526BC2-0C73-492C-8F1A-75A9B1626CFF}.Release|Any CPU.ActiveCfg = Release|Any CPU
		{27526BC2-0C73-492C-8F1A-75A9B1626CFF}.Release|Any CPU.Build.0 = Release|Any CPU
		{EB106E8B-2F4B-4339-8C6F-4401B4453DC5}.Debug|Any CPU.ActiveCfg = Debug|Any CPU
		{EB106E8B-2F4B-4339-8C6F-4401B4453DC5}.Debug|Any CPU.Build.0 = Debug|Any CPU
		{EB106E8B-2F4B-4339-8C6F-4401B4453DC5}.Release|Any CPU.ActiveCfg = Release|Any CPU
		{EB106E8B-2F4B-4339-8C6F-4401B4453DC5}.Release|Any CPU.Build.0 = Release|Any CPU
		{AD38F4BE-A910-424B-A212-8E99CE4B673F}.Debug|Any CPU.ActiveCfg = Debug|Any CPU
		{AD38F4BE-A910-424B-A212-8E99CE4B673F}.Debug|Any CPU.Build.0 = Debug|Any CPU
		{AD38F4BE-A910-424B-A212-8E99CE4B673F}.Release|Any CPU.ActiveCfg = Release|Any CPU
		{AD38F4BE-A910-424B-A212-8E99CE4B673F}.Release|Any CPU.Build.0 = Release|Any CPU
		{C184AFF0-46A6-41A6-864A-84F28E3D977D}.Debug|Any CPU.ActiveCfg = Debug|Any CPU
		{C184AFF0-46A6-41A6-864A-84F28E3D977D}.Debug|Any CPU.Build.0 = Debug|Any CPU
		{C184AFF0-46A6-41A6-864A-84F28E3D977D}.Release|Any CPU.ActiveCfg = Release|Any CPU
		{C184AFF0-46A6-41A6-864A-84F28E3D977D}.Release|Any CPU.Build.0 = Release|Any CPU
		{03E06008-89E5-42FA-880F-4D2C73E3A4D2}.Debug|Any CPU.ActiveCfg = Debug|Any CPU
		{03E06008-89E5-42FA-880F-4D2C73E3A4D2}.Debug|Any CPU.Build.0 = Debug|Any CPU
		{03E06008-89E5-42FA-880F-4D2C73E3A4D2}.Release|Any CPU.ActiveCfg = Release|Any CPU
		{03E06008-89E5-42FA-880F-4D2C73E3A4D2}.Release|Any CPU.Build.0 = Release|Any CPU
		{D7A88278-125C-48A1-A6D6-EAAC2FF50919}.Debug|Any CPU.ActiveCfg = Debug|Any CPU
		{D7A88278-125C-48A1-A6D6-EAAC2FF50919}.Debug|Any CPU.Build.0 = Debug|Any CPU
		{D7A88278-125C-48A1-A6D6-EAAC2FF50919}.Release|Any CPU.ActiveCfg = Release|Any CPU
		{D7A88278-125C-48A1-A6D6-EAAC2FF50919}.Release|Any CPU.Build.0 = Release|Any CPU
		{AEF7BA1E-C182-41CD-BA55-EE413D7F89E7}.Debug|Any CPU.ActiveCfg = Debug|Any CPU
		{AEF7BA1E-C182-41CD-BA55-EE413D7F89E7}.Debug|Any CPU.Build.0 = Debug|Any CPU
		{AEF7BA1E-C182-41CD-BA55-EE413D7F89E7}.Release|Any CPU.ActiveCfg = Release|Any CPU
		{AEF7BA1E-C182-41CD-BA55-EE413D7F89E7}.Release|Any CPU.Build.0 = Release|Any CPU
		{541AE994-43DD-4110-A8D1-27DB83DD66E1}.Debug|Any CPU.ActiveCfg = Debug|Any CPU
		{541AE994-43DD-4110-A8D1-27DB83DD66E1}.Debug|Any CPU.Build.0 = Debug|Any CPU
		{541AE994-43DD-4110-A8D1-27DB83DD66E1}.Release|Any CPU.ActiveCfg = Release|Any CPU
		{541AE994-43DD-4110-A8D1-27DB83DD66E1}.Release|Any CPU.Build.0 = Release|Any CPU
		{2F993DA6-4999-4E71-B800-AC13F3AAF9EC}.Debug|Any CPU.ActiveCfg = Debug|Any CPU
		{2F993DA6-4999-4E71-B800-AC13F3AAF9EC}.Debug|Any CPU.Build.0 = Debug|Any CPU
		{2F993DA6-4999-4E71-B800-AC13F3AAF9EC}.Release|Any CPU.ActiveCfg = Release|Any CPU
		{2F993DA6-4999-4E71-B800-AC13F3AAF9EC}.Release|Any CPU.Build.0 = Release|Any CPU
		{4B9B85B5-ACBC-4BC4-B397-534A65B53D26}.Debug|Any CPU.ActiveCfg = Debug|Any CPU
		{4B9B85B5-ACBC-4BC4-B397-534A65B53D26}.Debug|Any CPU.Build.0 = Debug|Any CPU
		{4B9B85B5-ACBC-4BC4-B397-534A65B53D26}.Release|Any CPU.ActiveCfg = Release|Any CPU
		{4B9B85B5-ACBC-4BC4-B397-534A65B53D26}.Release|Any CPU.Build.0 = Release|Any CPU
		{388F9D88-1E2B-4D75-8447-638E615C5EF4}.Debug|Any CPU.ActiveCfg = Debug|Any CPU
		{388F9D88-1E2B-4D75-8447-638E615C5EF4}.Debug|Any CPU.Build.0 = Debug|Any CPU
		{388F9D88-1E2B-4D75-8447-638E615C5EF4}.Release|Any CPU.ActiveCfg = Release|Any CPU
		{388F9D88-1E2B-4D75-8447-638E615C5EF4}.Release|Any CPU.Build.0 = Release|Any CPU
		{6C052945-8132-45D5-B835-6FEDA8E5ED0D}.Debug|Any CPU.ActiveCfg = Debug|Any CPU
		{6C052945-8132-45D5-B835-6FEDA8E5ED0D}.Debug|Any CPU.Build.0 = Debug|Any CPU
		{6C052945-8132-45D5-B835-6FEDA8E5ED0D}.Release|Any CPU.ActiveCfg = Release|Any CPU
		{6C052945-8132-45D5-B835-6FEDA8E5ED0D}.Release|Any CPU.Build.0 = Release|Any CPU
	EndGlobalSection
	GlobalSection(SolutionProperties) = preSolution
		HideSolutionNode = FALSE
	EndGlobalSection
	GlobalSection(ExtensibilityGlobals) = postSolution
		SolutionGuid = {EFE64025-65D1-4602-B545-C6272E957A28}
	EndGlobalSection
EndGlobal
