
Microsoft Visual Studio Solution File, Format Version 12.00
# Visual Studio Version 16
VisualStudioVersion = 16.0.30717.126
MinimumVisualStudioVersion = 10.0.40219.1
Project("{FAE04EC0-301F-11D3-BF4B-00C04F79EFBC}") = "TheFightForGondor", "TheFightForGondor\TheFightForGondor.csproj", "{A3190213-BB12-4D50-9171-2AC417E3421F}"
EndProject
Global
	GlobalSection(SolutionConfigurationPlatforms) = preSolution
		Debug|Any CPU = Debug|Any CPU
		Release|Any CPU = Release|Any CPU
	EndGlobalSection
	GlobalSection(ProjectConfigurationPlatforms) = postSolution
		{A3190213-BB12-4D50-9171-2AC417E3421F}.Debug|Any CPU.ActiveCfg = Debug|Any CPU
		{A3190213-BB12-4D50-9171-2AC417E3421F}.Debug|Any CPU.Build.0 = Debug|Any CPU
		{A3190213-BB12-4D50-9171-2AC417E3421F}.Release|Any CPU.ActiveCfg = Release|Any CPU
		{A3190213-BB12-4D50-9171-2AC417E3421F}.Release|Any CPU.Build.0 = Release|Any CPU
	EndGlobalSection
	GlobalSection(SolutionProperties) = preSolution
		HideSolutionNode = FALSE
	EndGlobalSection
	GlobalSection(ExtensibilityGlobals) = postSolution
		SolutionGuid = {3CDDD848-CDDD-46A2-A992-01BE7E87C544}
	EndGlobalSection
EndGlobal
