
Microsoft Visual Studio Solution File, Format Version 12.00
# Visual Studio Version 16
VisualStudioVersion = 16.0.31112.23
MinimumVisualStudioVersion = 10.0.40219.1
Project("{9A19103F-16F7-4668-BE54-9A1E7A4F7556}") = "Fibonacci-withMemoization", "Fibonacci-withMemoization\Fibonacci-withMemoization.csproj", "{B16A295E-2B26-44E5-AF79-C888DFA78336}"
EndProject
Project("{9A19103F-16F7-4668-BE54-9A1E7A4F7556}") = "MoveDownRight", "MoveDownRight\MoveDownRight.csproj", "{748095AE-0D84-4DCA-8539-0EE789B733F8}"
EndProject
Project("{9A19103F-16F7-4668-BE54-9A1E7A4F7556}") = "LongestIncreasingSubsequence_withNums", "LongestIncreasingSubsequence\LongestIncreasingSubsequence_withNums.csproj", "{016B0168-D0A1-4CAD-BE51-BF6014718172}"
EndProject
Project("{FAE04EC0-301F-11D3-BF4B-00C04F79EFBC}") = "LongestIncreasingSubsequence", "LongestIncreasingSubsequence\LongestIncreasingSubsequence.csproj", "{4BAFC13A-F2E6-444B-9768-E7BE3FEB6E2A}"
EndProject
Global
	GlobalSection(SolutionConfigurationPlatforms) = preSolution
		Debug|Any CPU = Debug|Any CPU
		Release|Any CPU = Release|Any CPU
	EndGlobalSection
	GlobalSection(ProjectConfigurationPlatforms) = postSolution
		{B16A295E-2B26-44E5-AF79-C888DFA78336}.Debug|Any CPU.ActiveCfg = Debug|Any CPU
		{B16A295E-2B26-44E5-AF79-C888DFA78336}.Debug|Any CPU.Build.0 = Debug|Any CPU
		{B16A295E-2B26-44E5-AF79-C888DFA78336}.Release|Any CPU.ActiveCfg = Release|Any CPU
		{B16A295E-2B26-44E5-AF79-C888DFA78336}.Release|Any CPU.Build.0 = Release|Any CPU
		{748095AE-0D84-4DCA-8539-0EE789B733F8}.Debug|Any CPU.ActiveCfg = Debug|Any CPU
		{748095AE-0D84-4DCA-8539-0EE789B733F8}.Debug|Any CPU.Build.0 = Debug|Any CPU
		{748095AE-0D84-4DCA-8539-0EE789B733F8}.Release|Any CPU.ActiveCfg = Release|Any CPU
		{748095AE-0D84-4DCA-8539-0EE789B733F8}.Release|Any CPU.Build.0 = Release|Any CPU
		{016B0168-D0A1-4CAD-BE51-BF6014718172}.Debug|Any CPU.ActiveCfg = Debug|Any CPU
		{016B0168-D0A1-4CAD-BE51-BF6014718172}.Debug|Any CPU.Build.0 = Debug|Any CPU
		{016B0168-D0A1-4CAD-BE51-BF6014718172}.Release|Any CPU.ActiveCfg = Release|Any CPU
		{016B0168-D0A1-4CAD-BE51-BF6014718172}.Release|Any CPU.Build.0 = Release|Any CPU
		{4BAFC13A-F2E6-444B-9768-E7BE3FEB6E2A}.Debug|Any CPU.ActiveCfg = Debug|Any CPU
		{4BAFC13A-F2E6-444B-9768-E7BE3FEB6E2A}.Debug|Any CPU.Build.0 = Debug|Any CPU
		{4BAFC13A-F2E6-444B-9768-E7BE3FEB6E2A}.Release|Any CPU.ActiveCfg = Release|Any CPU
		{4BAFC13A-F2E6-444B-9768-E7BE3FEB6E2A}.Release|Any CPU.Build.0 = Release|Any CPU
	EndGlobalSection
	GlobalSection(SolutionProperties) = preSolution
		HideSolutionNode = FALSE
	EndGlobalSection
	GlobalSection(ExtensibilityGlobals) = postSolution
		SolutionGuid = {7637F2FB-BD4E-4E27-974F-DEEEAAC166CD}
	EndGlobalSection
EndGlobal
