
Microsoft Visual Studio Solution File, Format Version 12.00
# Visual Studio Version 16
VisualStudioVersion = 16.0.31112.23
MinimumVisualStudioVersion = 10.0.40219.1
Project("{9A19103F-16F7-4668-BE54-9A1E7A4F7556}") = "RecursiveFactorial", "RecursiveFactorial\RecursiveFactorial.csproj", "{29E0D7DC-AF0D-4A2F-9DF8-E06E717FCB0B}"
EndProject
Project("{9A19103F-16F7-4668-BE54-9A1E7A4F7556}") = "RecursiveDrawing", "RecursiveDrawing\RecursiveDrawing.csproj", "{1CAF2330-FC61-47AC-8645-8621717ED851}"
EndProject
Project("{9A19103F-16F7-4668-BE54-9A1E7A4F7556}") = "GeneratingVectors", "GeneratingVectors\GeneratingVectors.csproj", "{A280FAA6-F16B-4FA6-BB10-F126298636C1}"
EndProject
Project("{FAE04EC0-301F-11D3-BF4B-00C04F79EFBC}") = "RecursiveArraySum", "ArraySum\RecursiveArraySum.csproj", "{E3DD0E0D-B72F-4AD6-9F79-02B062C4052C}"
EndProject
Project("{FAE04EC0-301F-11D3-BF4B-00C04F79EFBC}") = "GeneratingCombinations", "GeneratingCombinations\GeneratingCombinations.csproj", "{A0931243-C153-43E5-A923-04A3BE242F9E}"
EndProject
Global
	GlobalSection(SolutionConfigurationPlatforms) = preSolution
		Debug|Any CPU = Debug|Any CPU
		Release|Any CPU = Release|Any CPU
	EndGlobalSection
	GlobalSection(ProjectConfigurationPlatforms) = postSolution
		{29E0D7DC-AF0D-4A2F-9DF8-E06E717FCB0B}.Debug|Any CPU.ActiveCfg = Debug|Any CPU
		{29E0D7DC-AF0D-4A2F-9DF8-E06E717FCB0B}.Debug|Any CPU.Build.0 = Debug|Any CPU
		{29E0D7DC-AF0D-4A2F-9DF8-E06E717FCB0B}.Release|Any CPU.ActiveCfg = Release|Any CPU
		{29E0D7DC-AF0D-4A2F-9DF8-E06E717FCB0B}.Release|Any CPU.Build.0 = Release|Any CPU
		{1CAF2330-FC61-47AC-8645-8621717ED851}.Debug|Any CPU.ActiveCfg = Debug|Any CPU
		{1CAF2330-FC61-47AC-8645-8621717ED851}.Debug|Any CPU.Build.0 = Debug|Any CPU
		{1CAF2330-FC61-47AC-8645-8621717ED851}.Release|Any CPU.ActiveCfg = Release|Any CPU
		{1CAF2330-FC61-47AC-8645-8621717ED851}.Release|Any CPU.Build.0 = Release|Any CPU
		{A280FAA6-F16B-4FA6-BB10-F126298636C1}.Debug|Any CPU.ActiveCfg = Debug|Any CPU
		{A280FAA6-F16B-4FA6-BB10-F126298636C1}.Debug|Any CPU.Build.0 = Debug|Any CPU
		{A280FAA6-F16B-4FA6-BB10-F126298636C1}.Release|Any CPU.ActiveCfg = Release|Any CPU
		{A280FAA6-F16B-4FA6-BB10-F126298636C1}.Release|Any CPU.Build.0 = Release|Any CPU
		{E3DD0E0D-B72F-4AD6-9F79-02B062C4052C}.Debug|Any CPU.ActiveCfg = Debug|Any CPU
		{E3DD0E0D-B72F-4AD6-9F79-02B062C4052C}.Debug|Any CPU.Build.0 = Debug|Any CPU
		{E3DD0E0D-B72F-4AD6-9F79-02B062C4052C}.Release|Any CPU.ActiveCfg = Release|Any CPU
		{E3DD0E0D-B72F-4AD6-9F79-02B062C4052C}.Release|Any CPU.Build.0 = Release|Any CPU
		{A0931243-C153-43E5-A923-04A3BE242F9E}.Debug|Any CPU.ActiveCfg = Debug|Any CPU
		{A0931243-C153-43E5-A923-04A3BE242F9E}.Debug|Any CPU.Build.0 = Debug|Any CPU
		{A0931243-C153-43E5-A923-04A3BE242F9E}.Release|Any CPU.ActiveCfg = Release|Any CPU
		{A0931243-C153-43E5-A923-04A3BE242F9E}.Release|Any CPU.Build.0 = Release|Any CPU
	EndGlobalSection
	GlobalSection(SolutionProperties) = preSolution
		HideSolutionNode = FALSE
	EndGlobalSection
	GlobalSection(ExtensibilityGlobals) = postSolution
		SolutionGuid = {25BD2C29-4149-464C-A667-BDAF2E4E3462}
	EndGlobalSection
EndGlobal
