<<<<<<< HEAD
﻿
Microsoft Visual Studio Solution File, Format Version 12.00
# Visual Studio Version 16
VisualStudioVersion = 16.0.30717.126
MinimumVisualStudioVersion = 10.0.40219.1
Project("{FAE04EC0-301F-11D3-BF4B-00C04F79EFBC}") = "CarExtensions", "CarExtensions\CarExtensions.csproj", "{7BEABB73-6E24-43AD-9C54-86C8267ED04F}"
EndProject
Global
	GlobalSection(SolutionConfigurationPlatforms) = preSolution
		Debug|Any CPU = Debug|Any CPU
		Release|Any CPU = Release|Any CPU
	EndGlobalSection
	GlobalSection(ProjectConfigurationPlatforms) = postSolution
		{7BEABB73-6E24-43AD-9C54-86C8267ED04F}.Debug|Any CPU.ActiveCfg = Debug|Any CPU
		{7BEABB73-6E24-43AD-9C54-86C8267ED04F}.Debug|Any CPU.Build.0 = Debug|Any CPU
		{7BEABB73-6E24-43AD-9C54-86C8267ED04F}.Release|Any CPU.ActiveCfg = Release|Any CPU
		{7BEABB73-6E24-43AD-9C54-86C8267ED04F}.Release|Any CPU.Build.0 = Release|Any CPU
	EndGlobalSection
	GlobalSection(SolutionProperties) = preSolution
		HideSolutionNode = FALSE
	EndGlobalSection
	GlobalSection(ExtensibilityGlobals) = postSolution
		SolutionGuid = {30F84A5C-FC4B-4EAF-A03F-4CB70CF74DB0}
	EndGlobalSection
EndGlobal
=======
﻿
Microsoft Visual Studio Solution File, Format Version 12.00
# Visual Studio Version 16
VisualStudioVersion = 16.0.30717.126
MinimumVisualStudioVersion = 10.0.40219.1
Project("{FAE04EC0-301F-11D3-BF4B-00C04F79EFBC}") = "CarExtensions", "CarExtensions\CarExtensions.csproj", "{7BEABB73-6E24-43AD-9C54-86C8267ED04F}"
EndProject
Global
	GlobalSection(SolutionConfigurationPlatforms) = preSolution
		Debug|Any CPU = Debug|Any CPU
		Release|Any CPU = Release|Any CPU
	EndGlobalSection
	GlobalSection(ProjectConfigurationPlatforms) = postSolution
		{7BEABB73-6E24-43AD-9C54-86C8267ED04F}.Debug|Any CPU.ActiveCfg = Debug|Any CPU
		{7BEABB73-6E24-43AD-9C54-86C8267ED04F}.Debug|Any CPU.Build.0 = Debug|Any CPU
		{7BEABB73-6E24-43AD-9C54-86C8267ED04F}.Release|Any CPU.ActiveCfg = Release|Any CPU
		{7BEABB73-6E24-43AD-9C54-86C8267ED04F}.Release|Any CPU.Build.0 = Release|Any CPU
	EndGlobalSection
	GlobalSection(SolutionProperties) = preSolution
		HideSolutionNode = FALSE
	EndGlobalSection
	GlobalSection(ExtensibilityGlobals) = postSolution
		SolutionGuid = {30F84A5C-FC4B-4EAF-A03F-4CB70CF74DB0}
	EndGlobalSection
EndGlobal
>>>>>>> refs/remotes/origin/master
