
Microsoft Visual Studio Solution File, Format Version 12.00
# Visual Studio Version 16
VisualStudioVersion = 16.0.30717.126
MinimumVisualStudioVersion = 10.0.40219.1
Project("{FAE04EC0-301F-11D3-BF4B-00C04F79EFBC}") = "PokemonTrainer", "PokemonTrainer\PokemonTrainer.csproj", "{1691ACF5-1146-4764-AC77-E96A3D5B808A}"
EndProject
Global
	GlobalSection(SolutionConfigurationPlatforms) = preSolution
		Debug|Any CPU = Debug|Any CPU
		Release|Any CPU = Release|Any CPU
	EndGlobalSection
	GlobalSection(ProjectConfigurationPlatforms) = postSolution
		{1691ACF5-1146-4764-AC77-E96A3D5B808A}.Debug|Any CPU.ActiveCfg = Debug|Any CPU
		{1691ACF5-1146-4764-AC77-E96A3D5B808A}.Debug|Any CPU.Build.0 = Debug|Any CPU
		{1691ACF5-1146-4764-AC77-E96A3D5B808A}.Release|Any CPU.ActiveCfg = Release|Any CPU
		{1691ACF5-1146-4764-AC77-E96A3D5B808A}.Release|Any CPU.Build.0 = Release|Any CPU
	EndGlobalSection
	GlobalSection(SolutionProperties) = preSolution
		HideSolutionNode = FALSE
	EndGlobalSection
	GlobalSection(ExtensibilityGlobals) = postSolution
		SolutionGuid = {2EF9A180-89CE-4DCB-9A54-B35DB3C7199B}
	EndGlobalSection
EndGlobal
