
Microsoft Visual Studio Solution File, Format Version 12.00
# Visual Studio Version 16
VisualStudioVersion = 16.0.30717.126
MinimumVisualStudioVersion = 10.0.40219.1
Project("{FAE04EC0-301F-11D3-BF4B-00C04F79EFBC}") = "RadioactiveVampireMutantBunnies", "RadioactiveVampireMutantBunnies\RadioactiveVampireMutantBunnies.csproj", "{F45E48DF-6C7A-4C4A-A729-C2FB6E7C171A}"
EndProject
Global
	GlobalSection(SolutionConfigurationPlatforms) = preSolution
		Debug|Any CPU = Debug|Any CPU
		Release|Any CPU = Release|Any CPU
	EndGlobalSection
	GlobalSection(ProjectConfigurationPlatforms) = postSolution
		{F45E48DF-6C7A-4C4A-A729-C2FB6E7C171A}.Debug|Any CPU.ActiveCfg = Debug|Any CPU
		{F45E48DF-6C7A-4C4A-A729-C2FB6E7C171A}.Debug|Any CPU.Build.0 = Debug|Any CPU
		{F45E48DF-6C7A-4C4A-A729-C2FB6E7C171A}.Release|Any CPU.ActiveCfg = Release|Any CPU
		{F45E48DF-6C7A-4C4A-A729-C2FB6E7C171A}.Release|Any CPU.Build.0 = Release|Any CPU
	EndGlobalSection
	GlobalSection(SolutionProperties) = preSolution
		HideSolutionNode = FALSE
	EndGlobalSection
	GlobalSection(ExtensibilityGlobals) = postSolution
		SolutionGuid = {353B8765-3198-455E-9724-8794E8179897}
	EndGlobalSection
EndGlobal
